
Microsoft Visual Studio Solution File, Format Version 12.00
# Visual Studio Version 16
VisualStudioVersion = 16.0.30413.136
MinimumVisualStudioVersion = 10.0.40219.1
Project("{FAE04EC0-301F-11D3-BF4B-00C04F79EFBC}") = "Delegateandevent", "Delegateandevent.csproj", "{24CEEBBA-A42A-47A3-AC9B-63AB8DCD7F79}"
EndProject
Global
	GlobalSection(SolutionConfigurationPlatforms) = preSolution
		Debug|Any CPU = Debug|Any CPU
		Release|Any CPU = Release|Any CPU
	EndGlobalSection
	GlobalSection(ProjectConfigurationPlatforms) = postSolution
		{24CEEBBA-A42A-47A3-AC9B-63AB8DCD7F79}.Debug|Any CPU.ActiveCfg = Debug|Any CPU
		{24CEEBBA-A42A-47A3-AC9B-63AB8DCD7F79}.Debug|Any CPU.Build.0 = Debug|Any CPU
		{24CEEBBA-A42A-47A3-AC9B-63AB8DCD7F79}.Release|Any CPU.ActiveCfg = Release|Any CPU
		{24CEEBBA-A42A-47A3-AC9B-63AB8DCD7F79}.Release|Any CPU.Build.0 = Release|Any CPU
	EndGlobalSection
	GlobalSection(SolutionProperties) = preSolution
		HideSolutionNode = FALSE
	EndGlobalSection
	GlobalSection(ExtensibilityGlobals) = postSolution
		SolutionGuid = {DF4ADA52-4DDD-4A5C-AC26-32804DC0DFD3}
	EndGlobalSection
EndGlobal
